
Microsoft Visual Studio Solution File, Format Version 12.00
# Visual Studio Version 17
VisualStudioVersion = 17.14.36221.1 d17.14
MinimumVisualStudioVersion = 10.0.40219.1
Project("{8BC9CEB8-8B4A-11D0-8D11-00A0C91BC942}") = "14626", "14626\14626.vcxproj", "{D223D18E-4844-4048-9CF4-9BE9F69019DE}"
EndProject
Global
	GlobalSection(SolutionConfigurationPlatforms) = preSolution
		Debug|x64 = Debug|x64
		Debug|x86 = Debug|x86
		Release|x64 = Release|x64
		Release|x86 = Release|x86
	EndGlobalSection
	GlobalSection(ProjectConfigurationPlatforms) = postSolution
		{D223D18E-4844-4048-9CF4-9BE9F69019DE}.Debug|x64.ActiveCfg = Debug|x64
		{D223D18E-4844-4048-9CF4-9BE9F69019DE}.Debug|x64.Build.0 = Debug|x64
		{D223D18E-4844-4048-9CF4-9BE9F69019DE}.Debug|x86.ActiveCfg = Debug|Win32
		{D223D18E-4844-4048-9CF4-9BE9F69019DE}.Debug|x86.Build.0 = Debug|Win32
		{D223D18E-4844-4048-9CF4-9BE9F69019DE}.Release|x64.ActiveCfg = Release|x64
		{D223D18E-4844-4048-9CF4-9BE9F69019DE}.Release|x64.Build.0 = Release|x64
		{D223D18E-4844-4048-9CF4-9BE9F69019DE}.Release|x86.ActiveCfg = Release|Win32
		{D223D18E-4844-4048-9CF4-9BE9F69019DE}.Release|x86.Build.0 = Release|Win32
	EndGlobalSection
	GlobalSection(SolutionProperties) = preSolution
		HideSolutionNode = FALSE
	EndGlobalSection
	GlobalSection(ExtensibilityGlobals) = postSolution
		SolutionGuid = {881988FD-3E3F-498F-B80B-4C74F6930ECE}
	EndGlobalSection
EndGlobal
