
Microsoft Visual Studio Solution File, Format Version 12.00
# Visual Studio Version 17
VisualStudioVersion = 17.14.36221.1 d17.14
MinimumVisualStudioVersion = 10.0.40219.1
Project("{8BC9CEB8-8B4A-11D0-8D11-00A0C91BC942}") = "11724", "11724\11724.vcxproj", "{DEC8980B-2207-4513-8979-BA56E1D3BDB5}"
EndProject
Global
	GlobalSection(SolutionConfigurationPlatforms) = preSolution
		Debug|x64 = Debug|x64
		Debug|x86 = Debug|x86
		Release|x64 = Release|x64
		Release|x86 = Release|x86
	EndGlobalSection
	GlobalSection(ProjectConfigurationPlatforms) = postSolution
		{DEC8980B-2207-4513-8979-BA56E1D3BDB5}.Debug|x64.ActiveCfg = Debug|x64
		{DEC8980B-2207-4513-8979-BA56E1D3BDB5}.Debug|x64.Build.0 = Debug|x64
		{DEC8980B-2207-4513-8979-BA56E1D3BDB5}.Debug|x86.ActiveCfg = Debug|Win32
		{DEC8980B-2207-4513-8979-BA56E1D3BDB5}.Debug|x86.Build.0 = Debug|Win32
		{DEC8980B-2207-4513-8979-BA56E1D3BDB5}.Release|x64.ActiveCfg = Release|x64
		{DEC8980B-2207-4513-8979-BA56E1D3BDB5}.Release|x64.Build.0 = Release|x64
		{DEC8980B-2207-4513-8979-BA56E1D3BDB5}.Release|x86.ActiveCfg = Release|Win32
		{DEC8980B-2207-4513-8979-BA56E1D3BDB5}.Release|x86.Build.0 = Release|Win32
	EndGlobalSection
	GlobalSection(SolutionProperties) = preSolution
		HideSolutionNode = FALSE
	EndGlobalSection
	GlobalSection(ExtensibilityGlobals) = postSolution
		SolutionGuid = {C67F735A-0048-406E-8455-C067BF9C8762}
	EndGlobalSection
EndGlobal
