
Microsoft Visual Studio Solution File, Format Version 12.00
# Visual Studio Version 17
VisualStudioVersion = 17.13.35931.197 d17.13
MinimumVisualStudioVersion = 10.0.40219.1
Project("{8BC9CEB8-8B4A-11D0-8D11-00A0C91BC942}") = "10845", "10845\10845.vcxproj", "{64A64AE4-B167-4E5D-8E61-95975FFAB2FD}"
EndProject
Global
	GlobalSection(SolutionConfigurationPlatforms) = preSolution
		Debug|x64 = Debug|x64
		Debug|x86 = Debug|x86
		Release|x64 = Release|x64
		Release|x86 = Release|x86
	EndGlobalSection
	GlobalSection(ProjectConfigurationPlatforms) = postSolution
		{64A64AE4-B167-4E5D-8E61-95975FFAB2FD}.Debug|x64.ActiveCfg = Debug|x64
		{64A64AE4-B167-4E5D-8E61-95975FFAB2FD}.Debug|x64.Build.0 = Debug|x64
		{64A64AE4-B167-4E5D-8E61-95975FFAB2FD}.Debug|x86.ActiveCfg = Debug|Win32
		{64A64AE4-B167-4E5D-8E61-95975FFAB2FD}.Debug|x86.Build.0 = Debug|Win32
		{64A64AE4-B167-4E5D-8E61-95975FFAB2FD}.Release|x64.ActiveCfg = Release|x64
		{64A64AE4-B167-4E5D-8E61-95975FFAB2FD}.Release|x64.Build.0 = Release|x64
		{64A64AE4-B167-4E5D-8E61-95975FFAB2FD}.Release|x86.ActiveCfg = Release|Win32
		{64A64AE4-B167-4E5D-8E61-95975FFAB2FD}.Release|x86.Build.0 = Release|Win32
	EndGlobalSection
	GlobalSection(SolutionProperties) = preSolution
		HideSolutionNode = FALSE
	EndGlobalSection
	GlobalSection(ExtensibilityGlobals) = postSolution
		SolutionGuid = {60F10183-4D8C-469D-AE2F-0899D4761896}
	EndGlobalSection
EndGlobal
