
Microsoft Visual Studio Solution File, Format Version 12.00
# Visual Studio Version 17
VisualStudioVersion = 17.14.36221.1 d17.14
MinimumVisualStudioVersion = 10.0.40219.1
Project("{8BC9CEB8-8B4A-11D0-8D11-00A0C91BC942}") = "1463", "1463\1463.vcxproj", "{D795020E-899D-4813-91FD-727284DC1D1A}"
EndProject
Global
	GlobalSection(SolutionConfigurationPlatforms) = preSolution
		Debug|x64 = Debug|x64
		Debug|x86 = Debug|x86
		Release|x64 = Release|x64
		Release|x86 = Release|x86
	EndGlobalSection
	GlobalSection(ProjectConfigurationPlatforms) = postSolution
		{D795020E-899D-4813-91FD-727284DC1D1A}.Debug|x64.ActiveCfg = Debug|x64
		{D795020E-899D-4813-91FD-727284DC1D1A}.Debug|x64.Build.0 = Debug|x64
		{D795020E-899D-4813-91FD-727284DC1D1A}.Debug|x86.ActiveCfg = Debug|Win32
		{D795020E-899D-4813-91FD-727284DC1D1A}.Debug|x86.Build.0 = Debug|Win32
		{D795020E-899D-4813-91FD-727284DC1D1A}.Release|x64.ActiveCfg = Release|x64
		{D795020E-899D-4813-91FD-727284DC1D1A}.Release|x64.Build.0 = Release|x64
		{D795020E-899D-4813-91FD-727284DC1D1A}.Release|x86.ActiveCfg = Release|Win32
		{D795020E-899D-4813-91FD-727284DC1D1A}.Release|x86.Build.0 = Release|Win32
	EndGlobalSection
	GlobalSection(SolutionProperties) = preSolution
		HideSolutionNode = FALSE
	EndGlobalSection
	GlobalSection(ExtensibilityGlobals) = postSolution
		SolutionGuid = {32E65E8D-3C40-4E90-B040-54C0C1737335}
	EndGlobalSection
EndGlobal
